
Microsoft Visual Studio Solution File, Format Version 12.00
# Visual Studio Version 16
VisualStudioVersion = 16.0.30621.155
MinimumVisualStudioVersion = 10.0.40219.1
Project("{FAE04EC0-301F-11D3-BF4B-00C04F79EFBC}") = "悍高软件", "悍高软件.csproj", "{1B2622B5-B29B-4EB1-981E-EF015A0AABE4}"
EndProject
Global
	GlobalSection(SolutionConfigurationPlatforms) = preSolution
		All|Any CPU = All|Any CPU
		Debug|Any CPU = Debug|Any CPU
		Release|Any CPU = Release|Any CPU
	EndGlobalSection
	GlobalSection(ProjectConfigurationPlatforms) = postSolution
		{1B2622B5-B29B-4EB1-981E-EF015A0AABE4}.All|Any CPU.ActiveCfg = Release|Any CPU
		{1B2622B5-B29B-4EB1-981E-EF015A0AABE4}.All|Any CPU.Build.0 = Release|Any CPU
		{1B2622B5-B29B-4EB1-981E-EF015A0AABE4}.Debug|Any CPU.ActiveCfg = Debug|Any CPU
		{1B2622B5-B29B-4EB1-981E-EF015A0AABE4}.Debug|Any CPU.Build.0 = Debug|Any CPU
		{1B2622B5-B29B-4EB1-981E-EF015A0AABE4}.Release|Any CPU.ActiveCfg = Release|Any CPU
		{1B2622B5-B29B-4EB1-981E-EF015A0AABE4}.Release|Any CPU.Build.0 = Release|Any CPU
	EndGlobalSection
	GlobalSection(SolutionProperties) = preSolution
		HideSolutionNode = FALSE
	EndGlobalSection
	GlobalSection(ExtensibilityGlobals) = postSolution
		SolutionGuid = {13ADF6C0-903B-4BB4-94EF-27D67C40F392}
	EndGlobalSection
EndGlobal
