Microsoft Visual Studio Solution File, Format Version 12.00
# Visual Studio Version 17
VisualStudioVersion = 17.0.31912.275
MinimumVisualStudioVersion = 10.0.40219.1
Project("{9A19103F-16F7-4668-BE54-9A1E7A4F7556}") = "HanGao_Base", "HanGao_Base.csproj", "{1B2622B5-B29B-4EB1-981E-EF015A0AABE4}"
	ProjectSection(ProjectDependencies) = postProject
		{E2F196A0-D8D9-43B4-9890-2FB6E084839C} = {E2F196A0-D8D9-43B4-9890-2FB6E084839C}
	EndProjectSection
EndProject
Project("{9A19103F-16F7-4668-BE54-9A1E7A4F7556}") = "MVS_SDK", "..\MVS_SDK\MVS_SDK.csproj", "{09BDE038-3DBC-4FCE-9D4D-AD4D8422C3E1}"
EndProject
Project("{9A19103F-16F7-4668-BE54-9A1E7A4F7556}") = "Halcon_SDK", "..\Halcon_SDK\Halcon_SDK.csproj", "{85285344-B1E3-4E96-8F9E-C9437C682B04}"
EndProject
Project("{9A19103F-16F7-4668-BE54-9A1E7A4F7556}") = "KUKA_Socket", "..\KUKA_Socket\KUKA_Socket.csproj", "{4E727E85-63EC-4664-ABF6-211ED2457E48}"
EndProject
Project("{9A19103F-16F7-4668-BE54-9A1E7A4F7556}") = "Generic_Extension", "..\Generic_Extension\Generic_Extension.csproj", "{1CFBC836-D70F-4C44-98D1-17D4778F883B}"
EndProject
Project("{9A19103F-16F7-4668-BE54-9A1E7A4F7556}") = "XML_ReadWrite", "..\XML_ReadWrite\XML_ReadWrite.csproj", "{E2F196A0-D8D9-43B4-9890-2FB6E084839C}"
EndProject
Project("{9A19103F-16F7-4668-BE54-9A1E7A4F7556}") = "VTK_3DLibrary", "..\VTK_3DLibrary\VTK_3DLibrary.csproj", "{E27EFAA2-C5CA-42C2-A0EF-C28842621316}"
EndProject
Project("{9A19103F-16F7-4668-BE54-9A1E7A4F7556}") = "TCP_Modbus", "..\TCP_Modbus\TCP_Modbus.csproj", "{4FA877D9-DDF0-4672-9651-AD787C28ECDF}"
EndProject
Project("{9A19103F-16F7-4668-BE54-9A1E7A4F7556}") = "ABB_Socket", "..\ABB_Socket\ABB_Socket.csproj", "{EF9300A9-AF5E-458C-A60C-2FE2B3485B69}"
EndProject
Project("{9A19103F-16F7-4668-BE54-9A1E7A4F7556}") = "Roboto_Socket_Library", "..\Roboto_Socket_Library\Roboto_Socket_Library.csproj", "{A493D3BE-3478-4902-B61D-4FA0DA6B4D08}"
EndProject
Global
	GlobalSection(SolutionConfigurationPlatforms) = preSolution
		Debug|Any CPU = Debug|Any CPU
		Debug|x64 = Debug|x64
		Debug|x86 = Debug|x86
		Release|Any CPU = Release|Any CPU
		Release|x64 = Release|x64
		Release|x86 = Release|x86
	EndGlobalSection
	GlobalSection(ProjectConfigurationPlatforms) = postSolution
		{1B2622B5-B29B-4EB1-981E-EF015A0AABE4}.Debug|Any CPU.ActiveCfg = Debug|Any CPU
		{1B2622B5-B29B-4EB1-981E-EF015A0AABE4}.Debug|Any CPU.Build.0 = Debug|Any CPU
		{1B2622B5-B29B-4EB1-981E-EF015A0AABE4}.Debug|x64.ActiveCfg = Debug|Any CPU
		{1B2622B5-B29B-4EB1-981E-EF015A0AABE4}.Debug|x64.Build.0 = Debug|Any CPU
		{1B2622B5-B29B-4EB1-981E-EF015A0AABE4}.Debug|x86.ActiveCfg = Debug|x86
		{1B2622B5-B29B-4EB1-981E-EF015A0AABE4}.Debug|x86.Build.0 = Debug|x86
		{1B2622B5-B29B-4EB1-981E-EF015A0AABE4}.Release|Any CPU.ActiveCfg = Release|Any CPU
		{1B2622B5-B29B-4EB1-981E-EF015A0AABE4}.Release|Any CPU.Build.0 = Release|Any CPU
		{1B2622B5-B29B-4EB1-981E-EF015A0AABE4}.Release|x64.ActiveCfg = Release|Any CPU
		{1B2622B5-B29B-4EB1-981E-EF015A0AABE4}.Release|x64.Build.0 = Release|Any CPU
		{1B2622B5-B29B-4EB1-981E-EF015A0AABE4}.Release|x86.ActiveCfg = Release|x86
		{1B2622B5-B29B-4EB1-981E-EF015A0AABE4}.Release|x86.Build.0 = Release|x86
		{09BDE038-3DBC-4FCE-9D4D-AD4D8422C3E1}.Debug|Any CPU.ActiveCfg = Debug|Any CPU
		{09BDE038-3DBC-4FCE-9D4D-AD4D8422C3E1}.Debug|Any CPU.Build.0 = Debug|Any CPU
		{09BDE038-3DBC-4FCE-9D4D-AD4D8422C3E1}.Debug|x64.ActiveCfg = Debug|Any CPU
		{09BDE038-3DBC-4FCE-9D4D-AD4D8422C3E1}.Debug|x64.Build.0 = Debug|Any CPU
		{09BDE038-3DBC-4FCE-9D4D-AD4D8422C3E1}.Debug|x86.ActiveCfg = Debug|Any CPU
		{09BDE038-3DBC-4FCE-9D4D-AD4D8422C3E1}.Debug|x86.Build.0 = Debug|Any CPU
		{09BDE038-3DBC-4FCE-9D4D-AD4D8422C3E1}.Release|Any CPU.ActiveCfg = Release|Any CPU
		{09BDE038-3DBC-4FCE-9D4D-AD4D8422C3E1}.Release|Any CPU.Build.0 = Release|Any CPU
		{09BDE038-3DBC-4FCE-9D4D-AD4D8422C3E1}.Release|x64.ActiveCfg = Release|Any CPU
		{09BDE038-3DBC-4FCE-9D4D-AD4D8422C3E1}.Release|x64.Build.0 = Release|Any CPU
		{09BDE038-3DBC-4FCE-9D4D-AD4D8422C3E1}.Release|x86.ActiveCfg = Release|Any CPU
		{09BDE038-3DBC-4FCE-9D4D-AD4D8422C3E1}.Release|x86.Build.0 = Release|Any CPU
		{85285344-B1E3-4E96-8F9E-C9437C682B04}.Debug|Any CPU.ActiveCfg = Debug|Any CPU
		{85285344-B1E3-4E96-8F9E-C9437C682B04}.Debug|Any CPU.Build.0 = Debug|Any CPU
		{85285344-B1E3-4E96-8F9E-C9437C682B04}.Debug|x64.ActiveCfg = Debug|Any CPU
		{85285344-B1E3-4E96-8F9E-C9437C682B04}.Debug|x64.Build.0 = Debug|Any CPU
		{85285344-B1E3-4E96-8F9E-C9437C682B04}.Debug|x86.ActiveCfg = Debug|Any CPU
		{85285344-B1E3-4E96-8F9E-C9437C682B04}.Debug|x86.Build.0 = Debug|Any CPU
		{85285344-B1E3-4E96-8F9E-C9437C682B04}.Release|Any CPU.ActiveCfg = Release|Any CPU
		{85285344-B1E3-4E96-8F9E-C9437C682B04}.Release|Any CPU.Build.0 = Release|Any CPU
		{85285344-B1E3-4E96-8F9E-C9437C682B04}.Release|x64.ActiveCfg = Release|Any CPU
		{85285344-B1E3-4E96-8F9E-C9437C682B04}.Release|x64.Build.0 = Release|Any CPU
		{85285344-B1E3-4E96-8F9E-C9437C682B04}.Release|x86.ActiveCfg = Release|Any CPU
		{85285344-B1E3-4E96-8F9E-C9437C682B04}.Release|x86.Build.0 = Release|Any CPU
		{4E727E85-63EC-4664-ABF6-211ED2457E48}.Debug|Any CPU.ActiveCfg = Debug|Any CPU
		{4E727E85-63EC-4664-ABF6-211ED2457E48}.Debug|Any CPU.Build.0 = Debug|Any CPU
		{4E727E85-63EC-4664-ABF6-211ED2457E48}.Debug|x64.ActiveCfg = Debug|Any CPU
		{4E727E85-63EC-4664-ABF6-211ED2457E48}.Debug|x64.Build.0 = Debug|Any CPU
		{4E727E85-63EC-4664-ABF6-211ED2457E48}.Debug|x86.ActiveCfg = Debug|Any CPU
		{4E727E85-63EC-4664-ABF6-211ED2457E48}.Debug|x86.Build.0 = Debug|Any CPU
		{4E727E85-63EC-4664-ABF6-211ED2457E48}.Release|Any CPU.ActiveCfg = Release|Any CPU
		{4E727E85-63EC-4664-ABF6-211ED2457E48}.Release|Any CPU.Build.0 = Release|Any CPU
		{4E727E85-63EC-4664-ABF6-211ED2457E48}.Release|x64.ActiveCfg = Release|Any CPU
		{4E727E85-63EC-4664-ABF6-211ED2457E48}.Release|x64.Build.0 = Release|Any CPU
		{4E727E85-63EC-4664-ABF6-211ED2457E48}.Release|x86.ActiveCfg = Release|Any CPU
		{4E727E85-63EC-4664-ABF6-211ED2457E48}.Release|x86.Build.0 = Release|Any CPU
		{1CFBC836-D70F-4C44-98D1-17D4778F883B}.Debug|Any CPU.ActiveCfg = Debug|Any CPU
		{1CFBC836-D70F-4C44-98D1-17D4778F883B}.Debug|Any CPU.Build.0 = Debug|Any CPU
		{1CFBC836-D70F-4C44-98D1-17D4778F883B}.Debug|x64.ActiveCfg = Debug|Any CPU
		{1CFBC836-D70F-4C44-98D1-17D4778F883B}.Debug|x64.Build.0 = Debug|Any CPU
		{1CFBC836-D70F-4C44-98D1-17D4778F883B}.Debug|x86.ActiveCfg = Debug|Any CPU
		{1CFBC836-D70F-4C44-98D1-17D4778F883B}.Debug|x86.Build.0 = Debug|Any CPU
		{1CFBC836-D70F-4C44-98D1-17D4778F883B}.Release|Any CPU.ActiveCfg = Release|Any CPU
		{1CFBC836-D70F-4C44-98D1-17D4778F883B}.Release|Any CPU.Build.0 = Release|Any CPU
		{1CFBC836-D70F-4C44-98D1-17D4778F883B}.Release|x64.ActiveCfg = Release|Any CPU
		{1CFBC836-D70F-4C44-98D1-17D4778F883B}.Release|x64.Build.0 = Release|Any CPU
		{1CFBC836-D70F-4C44-98D1-17D4778F883B}.Release|x86.ActiveCfg = Release|Any CPU
		{1CFBC836-D70F-4C44-98D1-17D4778F883B}.Release|x86.Build.0 = Release|Any CPU
		{E2F196A0-D8D9-43B4-9890-2FB6E084839C}.Debug|Any CPU.ActiveCfg = Debug|Any CPU
		{E2F196A0-D8D9-43B4-9890-2FB6E084839C}.Debug|Any CPU.Build.0 = Debug|Any CPU
		{E2F196A0-D8D9-43B4-9890-2FB6E084839C}.Debug|x64.ActiveCfg = Debug|Any CPU
		{E2F196A0-D8D9-43B4-9890-2FB6E084839C}.Debug|x64.Build.0 = Debug|Any CPU
		{E2F196A0-D8D9-43B4-9890-2FB6E084839C}.Debug|x86.ActiveCfg = Debug|Any CPU
		{E2F196A0-D8D9-43B4-9890-2FB6E084839C}.Debug|x86.Build.0 = Debug|Any CPU
		{E2F196A0-D8D9-43B4-9890-2FB6E084839C}.Release|Any CPU.ActiveCfg = Release|Any CPU
		{E2F196A0-D8D9-43B4-9890-2FB6E084839C}.Release|Any CPU.Build.0 = Release|Any CPU
		{E2F196A0-D8D9-43B4-9890-2FB6E084839C}.Release|x64.ActiveCfg = Release|Any CPU
		{E2F196A0-D8D9-43B4-9890-2FB6E084839C}.Release|x64.Build.0 = Release|Any CPU
		{E2F196A0-D8D9-43B4-9890-2FB6E084839C}.Release|x86.ActiveCfg = Release|Any CPU
		{E2F196A0-D8D9-43B4-9890-2FB6E084839C}.Release|x86.Build.0 = Release|Any CPU
		{E27EFAA2-C5CA-42C2-A0EF-C28842621316}.Debug|Any CPU.ActiveCfg = Debug|Any CPU
		{E27EFAA2-C5CA-42C2-A0EF-C28842621316}.Debug|Any CPU.Build.0 = Debug|Any CPU
		{E27EFAA2-C5CA-42C2-A0EF-C28842621316}.Debug|x64.ActiveCfg = Debug|Any CPU
		{E27EFAA2-C5CA-42C2-A0EF-C28842621316}.Debug|x64.Build.0 = Debug|Any CPU
		{E27EFAA2-C5CA-42C2-A0EF-C28842621316}.Debug|x86.ActiveCfg = Debug|Any CPU
		{E27EFAA2-C5CA-42C2-A0EF-C28842621316}.Debug|x86.Build.0 = Debug|Any CPU
		{E27EFAA2-C5CA-42C2-A0EF-C28842621316}.Release|Any CPU.ActiveCfg = Release|Any CPU
		{E27EFAA2-C5CA-42C2-A0EF-C28842621316}.Release|Any CPU.Build.0 = Release|Any CPU
		{E27EFAA2-C5CA-42C2-A0EF-C28842621316}.Release|x64.ActiveCfg = Release|Any CPU
		{E27EFAA2-C5CA-42C2-A0EF-C28842621316}.Release|x64.Build.0 = Release|Any CPU
		{E27EFAA2-C5CA-42C2-A0EF-C28842621316}.Release|x86.ActiveCfg = Release|Any CPU
		{E27EFAA2-C5CA-42C2-A0EF-C28842621316}.Release|x86.Build.0 = Release|Any CPU
		{4FA877D9-DDF0-4672-9651-AD787C28ECDF}.Debug|Any CPU.ActiveCfg = Debug|Any CPU
		{4FA877D9-DDF0-4672-9651-AD787C28ECDF}.Debug|Any CPU.Build.0 = Debug|Any CPU
		{4FA877D9-DDF0-4672-9651-AD787C28ECDF}.Debug|x64.ActiveCfg = Debug|Any CPU
		{4FA877D9-DDF0-4672-9651-AD787C28ECDF}.Debug|x64.Build.0 = Debug|Any CPU
		{4FA877D9-DDF0-4672-9651-AD787C28ECDF}.Debug|x86.ActiveCfg = Debug|Any CPU
		{4FA877D9-DDF0-4672-9651-AD787C28ECDF}.Debug|x86.Build.0 = Debug|Any CPU
		{4FA877D9-DDF0-4672-9651-AD787C28ECDF}.Release|Any CPU.ActiveCfg = Release|Any CPU
		{4FA877D9-DDF0-4672-9651-AD787C28ECDF}.Release|Any CPU.Build.0 = Release|Any CPU
		{4FA877D9-DDF0-4672-9651-AD787C28ECDF}.Release|x64.ActiveCfg = Release|Any CPU
		{4FA877D9-DDF0-4672-9651-AD787C28ECDF}.Release|x64.Build.0 = Release|Any CPU
		{4FA877D9-DDF0-4672-9651-AD787C28ECDF}.Release|x86.ActiveCfg = Release|Any CPU
		{4FA877D9-DDF0-4672-9651-AD787C28ECDF}.Release|x86.Build.0 = Release|Any CPU
		{EF9300A9-AF5E-458C-A60C-2FE2B3485B69}.Debug|Any CPU.ActiveCfg = Debug|Any CPU
		{EF9300A9-AF5E-458C-A60C-2FE2B3485B69}.Debug|Any CPU.Build.0 = Debug|Any CPU
		{EF9300A9-AF5E-458C-A60C-2FE2B3485B69}.Debug|x64.ActiveCfg = Debug|Any CPU
		{EF9300A9-AF5E-458C-A60C-2FE2B3485B69}.Debug|x64.Build.0 = Debug|Any CPU
		{EF9300A9-AF5E-458C-A60C-2FE2B3485B69}.Debug|x86.ActiveCfg = Debug|Any CPU
		{EF9300A9-AF5E-458C-A60C-2FE2B3485B69}.Debug|x86.Build.0 = Debug|Any CPU
		{EF9300A9-AF5E-458C-A60C-2FE2B3485B69}.Release|Any CPU.ActiveCfg = Release|Any CPU
		{EF9300A9-AF5E-458C-A60C-2FE2B3485B69}.Release|Any CPU.Build.0 = Release|Any CPU
		{EF9300A9-AF5E-458C-A60C-2FE2B3485B69}.Release|x64.ActiveCfg = Release|Any CPU
		{EF9300A9-AF5E-458C-A60C-2FE2B3485B69}.Release|x64.Build.0 = Release|Any CPU
		{EF9300A9-AF5E-458C-A60C-2FE2B3485B69}.Release|x86.ActiveCfg = Release|Any CPU
		{EF9300A9-AF5E-458C-A60C-2FE2B3485B69}.Release|x86.Build.0 = Release|Any CPU
		{A493D3BE-3478-4902-B61D-4FA0DA6B4D08}.Debug|Any CPU.ActiveCfg = Debug|Any CPU
		{A493D3BE-3478-4902-B61D-4FA0DA6B4D08}.Debug|Any CPU.Build.0 = Debug|Any CPU
		{A493D3BE-3478-4902-B61D-4FA0DA6B4D08}.Debug|x64.ActiveCfg = Debug|Any CPU
		{A493D3BE-3478-4902-B61D-4FA0DA6B4D08}.Debug|x64.Build.0 = Debug|Any CPU
		{A493D3BE-3478-4902-B61D-4FA0DA6B4D08}.Debug|x86.ActiveCfg = Debug|Any CPU
		{A493D3BE-3478-4902-B61D-4FA0DA6B4D08}.Debug|x86.Build.0 = Debug|Any CPU
		{A493D3BE-3478-4902-B61D-4FA0DA6B4D08}.Release|Any CPU.ActiveCfg = Release|Any CPU
		{A493D3BE-3478-4902-B61D-4FA0DA6B4D08}.Release|Any CPU.Build.0 = Release|Any CPU
		{A493D3BE-3478-4902-B61D-4FA0DA6B4D08}.Release|x64.ActiveCfg = Release|Any CPU
		{A493D3BE-3478-4902-B61D-4FA0DA6B4D08}.Release|x64.Build.0 = Release|Any CPU
		{A493D3BE-3478-4902-B61D-4FA0DA6B4D08}.Release|x86.ActiveCfg = Release|Any CPU
		{A493D3BE-3478-4902-B61D-4FA0DA6B4D08}.Release|x86.Build.0 = Release|Any CPU
	EndGlobalSection
	GlobalSection(SolutionProperties) = preSolution
		HideSolutionNode = FALSE
	EndGlobalSection
	GlobalSection(ExtensibilityGlobals) = postSolution
		SolutionGuid = {13ADF6C0-903B-4BB4-94EF-27D67C40F392}
	EndGlobalSection
EndGlobal
